
Microsoft Visual Studio Solution File, Format Version 12.00
# Visual Studio Version 17
VisualStudioVersion = 17.8.34316.72
MinimumVisualStudioVersion = 10.0.40219.1
Project("{FAE04EC0-301F-11D3-BF4B-00C04F79EFBC}") = "Practice", "Practice\Practice.csproj", "{4C7EC902-BA74-44EF-AD7C-5B63F70A1DD1}"
EndProject
Global
	GlobalSection(SolutionConfigurationPlatforms) = preSolution
		Debug|Any CPU = Debug|Any CPU
		Release|Any CPU = Release|Any CPU
	EndGlobalSection
	GlobalSection(ProjectConfigurationPlatforms) = postSolution
		{4C7EC902-BA74-44EF-AD7C-5B63F70A1DD1}.Debug|Any CPU.ActiveCfg = Debug|Any CPU
		{4C7EC902-BA74-44EF-AD7C-5B63F70A1DD1}.Debug|Any CPU.Build.0 = Debug|Any CPU
		{4C7EC902-BA74-44EF-AD7C-5B63F70A1DD1}.Release|Any CPU.ActiveCfg = Release|Any CPU
		{4C7EC902-BA74-44EF-AD7C-5B63F70A1DD1}.Release|Any CPU.Build.0 = Release|Any CPU
	EndGlobalSection
	GlobalSection(SolutionProperties) = preSolution
		HideSolutionNode = FALSE
	EndGlobalSection
	GlobalSection(ExtensibilityGlobals) = postSolution
		SolutionGuid = {53DA0C6D-5614-434C-A72C-BEC590A76E41}
	EndGlobalSection
EndGlobal
